
Microsoft Visual Studio Solution File, Format Version 12.00
# Visual Studio 15
VisualStudioVersion = 15.0.26124.0
MinimumVisualStudioVersion = 15.0.26124.0
Project("{FAE04EC0-301F-11D3-BF4B-00C04F79EFBC}") = "BlazorIdp", "BlazorIdp\BlazorIdp.csproj", "{06F3A3B6-54C0-4652-B5C4-D59A81E991E9}"
EndProject
Project("{FAE04EC0-301F-11D3-BF4B-00C04F79EFBC}") = "BlazorWasm", "BlazorWasm\BlazorWasm.csproj", "{644FC05B-7C48-4F13-B45B-4595217E16A8}"
EndProject
Global
	GlobalSection(SolutionConfigurationPlatforms) = preSolution
		Debug|Any CPU = Debug|Any CPU
		Debug|x64 = Debug|x64
		Debug|x86 = Debug|x86
		Release|Any CPU = Release|Any CPU
		Release|x64 = Release|x64
		Release|x86 = Release|x86
	EndGlobalSection
	GlobalSection(SolutionProperties) = preSolution
		HideSolutionNode = FALSE
	EndGlobalSection
	GlobalSection(ProjectConfigurationPlatforms) = postSolution
		{06F3A3B6-54C0-4652-B5C4-D59A81E991E9}.Debug|Any CPU.ActiveCfg = Debug|Any CPU
		{06F3A3B6-54C0-4652-B5C4-D59A81E991E9}.Debug|Any CPU.Build.0 = Debug|Any CPU
		{06F3A3B6-54C0-4652-B5C4-D59A81E991E9}.Debug|x64.ActiveCfg = Debug|Any CPU
		{06F3A3B6-54C0-4652-B5C4-D59A81E991E9}.Debug|x64.Build.0 = Debug|Any CPU
		{06F3A3B6-54C0-4652-B5C4-D59A81E991E9}.Debug|x86.ActiveCfg = Debug|Any CPU
		{06F3A3B6-54C0-4652-B5C4-D59A81E991E9}.Debug|x86.Build.0 = Debug|Any CPU
		{06F3A3B6-54C0-4652-B5C4-D59A81E991E9}.Release|Any CPU.ActiveCfg = Release|Any CPU
		{06F3A3B6-54C0-4652-B5C4-D59A81E991E9}.Release|Any CPU.Build.0 = Release|Any CPU
		{06F3A3B6-54C0-4652-B5C4-D59A81E991E9}.Release|x64.ActiveCfg = Release|Any CPU
		{06F3A3B6-54C0-4652-B5C4-D59A81E991E9}.Release|x64.Build.0 = Release|Any CPU
		{06F3A3B6-54C0-4652-B5C4-D59A81E991E9}.Release|x86.ActiveCfg = Release|Any CPU
		{06F3A3B6-54C0-4652-B5C4-D59A81E991E9}.Release|x86.Build.0 = Release|Any CPU
		{644FC05B-7C48-4F13-B45B-4595217E16A8}.Debug|Any CPU.ActiveCfg = Debug|Any CPU
		{644FC05B-7C48-4F13-B45B-4595217E16A8}.Debug|Any CPU.Build.0 = Debug|Any CPU
		{644FC05B-7C48-4F13-B45B-4595217E16A8}.Debug|x64.ActiveCfg = Debug|Any CPU
		{644FC05B-7C48-4F13-B45B-4595217E16A8}.Debug|x64.Build.0 = Debug|Any CPU
		{644FC05B-7C48-4F13-B45B-4595217E16A8}.Debug|x86.ActiveCfg = Debug|Any CPU
		{644FC05B-7C48-4F13-B45B-4595217E16A8}.Debug|x86.Build.0 = Debug|Any CPU
		{644FC05B-7C48-4F13-B45B-4595217E16A8}.Release|Any CPU.ActiveCfg = Release|Any CPU
		{644FC05B-7C48-4F13-B45B-4595217E16A8}.Release|Any CPU.Build.0 = Release|Any CPU
		{644FC05B-7C48-4F13-B45B-4595217E16A8}.Release|x64.ActiveCfg = Release|Any CPU
		{644FC05B-7C48-4F13-B45B-4595217E16A8}.Release|x64.Build.0 = Release|Any CPU
		{644FC05B-7C48-4F13-B45B-4595217E16A8}.Release|x86.ActiveCfg = Release|Any CPU
		{644FC05B-7C48-4F13-B45B-4595217E16A8}.Release|x86.Build.0 = Release|Any CPU
	EndGlobalSection
EndGlobal
